// !$*UTF8*$!
{
	archiveVersion = 1;
	classes = {
	};
	objectVersion = 46;
	objects = {

/* Begin PBXBuildFile section */
		0069510A1F57C07C002DCB1F /* AppDelegate.swift in Sources */ = {isa = PBXBuildFile; fileRef = 006951091F57C07C002DCB1F /* AppDelegate.swift */; };
		0069510C1F57C07C002DCB1F /* ViewController.swift in Sources */ = {isa = PBXBuildFile; fileRef = 0069510B1F57C07C002DCB1F /* ViewController.swift */; };
		0069510F1F57C07C002DCB1F /* Main.storyboard in Resources */ = {isa = PBXBuildFile; fileRef = 0069510D1F57C07C002DCB1F /* Main.storyboard */; };
		006951111F57C07C002DCB1F /* Assets.xcassets in Resources */ = {isa = PBXBuildFile; fileRef = 006951101F57C07C002DCB1F /* Assets.xcassets */; };
		006951141F57C07C002DCB1F /* LaunchScreen.storyboard in Resources */ = {isa = PBXBuildFile; fileRef = 006951121F57C07C002DCB1F /* LaunchScreen.storyboard */; };
		0069511F1F57C07C002DCB1F /* GitProjectTests.swift in Sources */ = {isa = PBXBuildFile; fileRef = 0069511E1F57C07C002DCB1F /* GitProjectTests.swift */; };
		0069512A1F57C07C002DCB1F /* GitProjectUITests.swift in Sources */ = {isa = PBXBuildFile; fileRef = 006951291F57C07C002DCB1F /* GitProjectUITests.swift */; };
/* End PBXBuildFile section */

/* Begin PBXContainerItemProxy section */
		0069511B1F57C07C002DCB1F /* PBXContainerItemProxy */ = {
			isa = PBXContainerItemProxy;
			containerPortal = 006950FE1F57C07B002DCB1F /* Project object */;
			proxyType = 1;
			remoteGlobalIDString = 006951051F57C07B002DCB1F;
			remoteInfo = GitProject;
		};
		006951261F57C07C002DCB1F /* PBXContainerItemProxy */ = {
			isa = PBXContainerItemProxy;
			containerPortal = 006950FE1F57C07B002DCB1F /* Project object */;
			proxyType = 1;
			remoteGlobalIDString = 006951051F57C07B002DCB1F;
			remoteInfo = GitProject;
		};
/* End PBXContainerItemProxy section */

/* Begin PBXFileReference section */
		006951061F57C07C002DCB1F /* GitProject.app */ = {isa = PBXFileReference; explicitFileType = wrapper.application; includeInIndex = 0; path = GitProject.app; sourceTree = BUILT_PRODUCTS_DIR; };
		006951091F57C07C002DCB1F /* AppDelegate.swift */ = {isa = PBXFileReference; lastKnownFileType = sourcecode.swift; path = AppDelegate.swift; sourceTree = "<group>"; };
		0069510B1F57C07C002DCB1F /* ViewController.swift */ = {isa = PBXFileReference; lastKnownFileType = sourcecode.swift; path = ViewController.swift; sourceTree = "<group>"; };
		0069510E1F57C07C002DCB1F /* Base */ = {isa = PBXFileReference; lastKnownFileType = file.storyboard; name = Base; path = Base.lproj/Main.storyboard; sourceTree = "<group>"; };
		006951101F57C07C002DCB1F /* Assets.xcassets */ = {isa = PBXFileReference; lastKnownFileType = folder.assetcatalog; path = Assets.xcassets; sourceTree = "<group>"; };
		006951131F57C07C002DCB1F /* Base */ = {isa = PBXFileReference; lastKnownFileType = file.storyboard; name = Base; path = Base.lproj/LaunchScreen.storyboard; sourceTree = "<group>"; };
		006951151F57C07C002DCB1F /* Info.plist */ = {isa = PBXFileReference; lastKnownFileType = text.plist.xml; path = Info.plist; sourceTree = "<group>"; };
		0069511A1F57C07C002DCB1F /* GitProjectTests.xctest */ = {isa = PBXFileReference; explicitFileType = wrapper.cfbundle; includeInIndex = 0; path = GitProjectTests.xctest; sourceTree = BUILT_PRODUCTS_DIR; };
		0069511E1F57C07C002DCB1F /* GitProjectTests.swift */ = {isa = PBXFileReference; lastKnownFileType = sourcecode.swift; path = GitProjectTests.swift; sourceTree = "<group>"; };
		006951201F57C07C002DCB1F /* Info.plist */ = {isa = PBXFileReference; lastKnownFileType = text.plist.xml; path = Info.plist; sourceTree = "<group>"; };
		006951251F57C07C002DCB1F /* GitProjectUITests.xctest */ = {isa = PBXFileReference; explicitFileType = wrapper.cfbundle; includeInIndex = 0; path = GitProjectUITests.xctest; sourceTree = BUILT_PRODUCTS_DIR; };
		006951291F57C07C002DCB1F /* GitProjectUITests.swift */ = {isa = PBXFileReference; lastKnownFileType = sourcecode.swift; path = GitProjectUITests.swift; sourceTree = "<group>"; };
		0069512B1F57C07C002DCB1F /* Info.plist */ = {isa = PBXFileReference; lastKnownFileType = text.plist.xml; path = Info.plist; sourceTree = "<group>"; };
/* End PBXFileReference section */

/* Begin PBXFrameworksBuildPhase section */
		006951031F57C07B002DCB1F /* Frameworks */ = {
			isa = PBXFrameworksBuildPhase;
			buildActionMask = 2147483647;
			files = (
			);
			runOnlyForDeploymentPostprocessing = 0;
		};
		006951171F57C07C002DCB1F /* Frameworks */ = {
			isa = PBXFrameworksBuildPhase;
			buildActionMask = 2147483647;
			files = (
			);
			runOnlyForDeploymentPostprocessing = 0;
		};
		006951221F57C07C002DCB1F /* Frameworks */ = {
			isa = PBXFrameworksBuildPhase;
			buildActionMask = 2147483647;
			files = (
			);
			runOnlyForDeploymentPostprocessing = 0;
		};
/* End PBXFrameworksBuildPhase section */

/* Begin PBXGroup section */
		006950FD1F57C07B002DCB1F = {
			isa = PBXGroup;
			children = (
				006951081F57C07C002DCB1F /* GitProject */,
				0069511D1F57C07C002DCB1F /* GitProjectTests */,
				006951281F57C07C002DCB1F /* GitProjectUITests */,
				006951071F57C07C002DCB1F /* Products */,
			);
			sourceTree = "<group>";
		};
		006951071F57C07C002DCB1F /* Products */ = {
			isa = PBXGroup;
			children = (
				006951061F57C07C002DCB1F /* GitProject.app */,
				0069511A1F57C07C002DCB1F /* GitProjectTests.xctest */,
				006951251F57C07C002DCB1F /* GitProjectUITests.xctest */,
			);
			name = Products;
			sourceTree = "<group>";
		};
		006951081F57C07C002DCB1F /* GitProject */ = {
			isa = PBXGroup;
			children = (
				006951091F57C07C002DCB1F /* AppDelegate.swift */,
				0069510B1F57C07C002DCB1F /* ViewController.swift */,
				0069510D1F57C07C002DCB1F /* Main.storyboard */,
				006951101F57C07C002DCB1F /* Assets.xcassets */,
				006951121F57C07C002DCB1F /* LaunchScreen.storyboard */,
				006951151F57C07C002DCB1F /* Info.plist */,
			);
			path = GitProject;
			sourceTree = "<group>";
		};
		0069511D1F57C07C002DCB1F /* GitProjectTests */ = {
			isa = PBXGroup;
			children = (
				0069511E1F57C07C002DCB1F /* GitProjectTests.swift */,
				006951201F57C07C002DCB1F /* Info.plist */,
			);
			path = GitProjectTests;
			sourceTree = "<group>";
		};
		006951281F57C07C002DCB1F /* GitProjectUITests */ = {
			isa = PBXGroup;
			children = (
				006951291F57C07C002DCB1F /* GitProjectUITests.swift */,
				0069512B1F57C07C002DCB1F /* Info.plist */,
			);
			path = GitProjectUITests;
			sourceTree = "<group>";
		};
/* End PBXGroup section */

/* Begin PBXNativeTarget section */
		006951051F57C07B002DCB1F /* GitProject */ = {
			isa = PBXNativeTarget;
			buildConfigurationList = 0069512E1F57C07C002DCB1F /* Build configuration list for PBXNativeTarget "GitProject" */;
			buildPhases = (
				006951021F57C07B002DCB1F /* Sources */,
				006951031F57C07B002DCB1F /* Frameworks */,
				006951041F57C07B002DCB1F /* Resources */,
			);
			buildRules = (
			);
			dependencies = (
			);
			name = GitProject;
			productName = GitProject;
			productReference = 006951061F57C07C002DCB1F /* GitProject.app */;
			productType = "com.apple.product-type.application";
		};
		006951191F57C07C002DCB1F /* GitProjectTests */ = {
			isa = PBXNativeTarget;
			buildConfigurationList = 006951311F57C07C002DCB1F /* Build configuration list for PBXNativeTarget "GitProjectTests" */;
			buildPhases = (
				006951161F57C07C002DCB1F /* Sources */,
				006951171F57C07C002DCB1F /* Frameworks */,
				006951181F57C07C002DCB1F /* Resources */,
			);
			buildRules = (
			);
			dependencies = (
				0069511C1F57C07C002DCB1F /* PBXTargetDependency */,
			);
			name = GitProjectTests;
			productName = GitProjectTests;
			productReference = 0069511A1F57C07C002DCB1F /* GitProjectTests.xctest */;
			productType = "com.apple.product-type.bundle.unit-test";
		};
		006951241F57C07C002DCB1F /* GitProjectUITests */ = {
			isa = PBXNativeTarget;
			buildConfigurationList = 006951341F57C07C002DCB1F /* Build configuration list for PBXNativeTarget "GitProjectUITests" */;
			buildPhases = (
				006951211F57C07C002DCB1F /* Sources */,
				006951221F57C07C002DCB1F /* Frameworks */,
				006951231F57C07C002DCB1F /* Resources */,
			);
			buildRules = (
			);
			dependencies = (
				006951271F57C07C002DCB1F /* PBXTargetDependency */,
			);
			name = GitProjectUITests;
			productName = GitProjectUITests;
			productReference = 006951251F57C07C002DCB1F /* GitProjectUITests.xctest */;
			productType = "com.apple.product-type.bundle.ui-testing";
		};
/* End PBXNativeTarget section */

/* Begin PBXProject section */
		006950FE1F57C07B002DCB1F /* Project object */ = {
			isa = PBXProject;
			attributes = {
				LastSwiftUpdateCheck = 0830;
				LastUpgradeCheck = 0830;
				ORGANIZATIONNAME = "Justin Turner";
				TargetAttributes = {
					006951051F57C07B002DCB1F = {
						CreatedOnToolsVersion = 8.3.3;
						DevelopmentTeam = RV5KV34733;
						ProvisioningStyle = Automatic;
					};
					006951191F57C07C002DCB1F = {
						CreatedOnToolsVersion = 8.3.3;
						DevelopmentTeam = RV5KV34733;
						ProvisioningStyle = Automatic;
						TestTargetID = 006951051F57C07B002DCB1F;
					};
					006951241F57C07C002DCB1F = {
						CreatedOnToolsVersion = 8.3.3;
						DevelopmentTeam = RV5KV34733;
						ProvisioningStyle = Automatic;
						TestTargetID = 006951051F57C07B002DCB1F;
					};
				};
			};
			buildConfigurationList = 006951011F57C07B002DCB1F /* Build configuration list for PBXProject "GitProject" */;
			compatibilityVersion = "Xcode 3.2";
			developmentRegion = English;
			hasScannedForEncodings = 0;
			knownRegions = (
				en,
				Base,
			);
			mainGroup = 006950FD1F57C07B002DCB1F;
			productRefGroup = 006951071F57C07C002DCB1F /* Products */;
			projectDirPath = "";
			projectRoot = "";
			targets = (
				006951051F57C07B002DCB1F /* GitProject */,
				006951191F57C07C002DCB1F /* GitProjectTests */,
				006951241F57C07C002DCB1F /* GitProjectUITests */,
			);
		};
/* End PBXProject section */

/* Begin PBXResourcesBuildPhase section */
		006951041F57C07B002DCB1F /* Resources */ = {
			isa = PBXResourcesBuildPhase;
			buildActionMask = 2147483647;
			files = (
				006951141F57C07C002DCB1F /* LaunchScreen.storyboard in Resources */,
				006951111F57C07C002DCB1F /* Assets.xcassets in Resources */,
				0069510F1F57C07C002DCB1F /* Main.storyboard in Resources */,
			);
			runOnlyForDeploymentPostprocessing = 0;
		};
		006951181F57C07C002DCB1F /* Resources */ = {
			isa = PBXResourcesBuildPhase;
			buildActionMask = 2147483647;
			files = (
			);
			runOnlyForDeploymentPostprocessing = 0;
		};
		006951231F57C07C002DCB1F /* Resources */ = {
			isa = PBXResourcesBuildPhase;
			buildActionMask = 2147483647;
			files = (
			);
			runOnlyForDeploymentPostprocessing = 0;
		};
/* End PBXResourcesBuildPhase section */

/* Begin PBXSourcesBuildPhase section */
		006951021F57C07B002DCB1F /* Sources */ = {
			isa = PBXSourcesBuildPhase;
			buildActionMask = 2147483647;
			files = (
				0069510C1F57C07C002DCB1F /* ViewController.swift in Sources */,
				0069510A1F57C07C002DCB1F /* AppDelegate.swift in Sources */,
			);
			runOnlyForDeploymentPostprocessing = 0;
		};
		006951161F57C07C002DCB1F /* Sources */ = {
			isa = PBXSourcesBuildPhase;
			buildActionMask = 2147483647;
			files = (
				0069511F1F57C07C002DCB1F /* GitProjectTests.swift in Sources */,
			);
			runOnlyForDeploymentPostprocessing = 0;
		};
		006951211F57C07C002DCB1F /* Sources */ = {
			isa = PBXSourcesBuildPhase;
			buildActionMask = 2147483647;
			files = (
				0069512A1F57C07C002DCB1F /* GitProjectUITests.swift in Sources */,
			);
			runOnlyForDeploymentPostprocessing = 0;
		};
/* End PBXSourcesBuildPhase section */

/* Begin PBXTargetDependency section */
		0069511C1F57C07C002DCB1F /* PBXTargetDependency */ = {
			isa = PBXTargetDependency;
			target = 006951051F57C07B002DCB1F /* GitProject */;
			targetProxy = 0069511B1F57C07C002DCB1F /* PBXContainerItemProxy */;
		};
		006951271F57C07C002DCB1F /* PBXTargetDependency */ = {
			isa = PBXTargetDependency;
			target = 006951051F57C07B002DCB1F /* GitProject */;
			targetProxy = 006951261F57C07C002DCB1F /* PBXContainerItemProxy */;
		};
/* End PBXTargetDependency section */

/* Begin PBXVariantGroup section */
		0069510D1F57C07C002DCB1F /* Main.storyboard */ = {
			isa = PBXVariantGroup;
			children = (
				0069510E1F57C07C002DCB1F /* Base */,
			);
			name = Main.storyboard;
			sourceTree = "<group>";
		};
		006951121F57C07C002DCB1F /* LaunchScreen.storyboard */ = {
			isa = PBXVariantGroup;
			children = (
				006951131F57C07C002DCB1F /* Base */,
			);
			name = LaunchScreen.storyboard;
			sourceTree = "<group>";
		};
/* End PBXVariantGroup section */

/* Begin XCBuildConfiguration section */
		0069512C1F57C07C002DCB1F /* Debug */ = {
			isa = XCBuildConfiguration;
			buildSettings = {
				ALWAYS_SEARCH_USER_PATHS = NO;
				CLANG_ANALYZER_NONNULL = YES;
				CLANG_ANALYZER_NUMBER_OBJECT_CONVERSION = YES_AGGRESSIVE;
				CLANG_CXX_LANGUAGE_STANDARD = "gnu++0x";
				CLANG_CXX_LIBRARY = "libc++";
				CLANG_ENABLE_MODULES = YES;
				CLANG_ENABLE_OBJC_ARC = YES;
				CLANG_WARN_BOOL_CONVERSION = YES;
				CLANG_WARN_CONSTANT_CONVERSION = YES;
				CLANG_WARN_DIRECT_OBJC_ISA_USAGE = YES_ERROR;
				CLANG_WARN_DOCUMENTATION_COMMENTS = YES;
				CLANG_WARN_EMPTY_BODY = YES;
				CLANG_WARN_ENUM_CONVERSION = YES;
				CLANG_WARN_INFINITE_RECURSION = YES;
				CLANG_WARN_INT_CONVERSION = YES;
				CLANG_WARN_OBJC_ROOT_CLASS = YES_ERROR;
				CLANG_WARN_SUSPICIOUS_MOVE = YES;
				CLANG_WARN_UNREACHABLE_CODE = YES;
				CLANG_WARN__DUPLICATE_METHOD_MATCH = YES;
				"CODE_SIGN_IDENTITY[sdk=iphoneos*]" = "iPhone Developer";
				COPY_PHASE_STRIP = NO;
				DEBUG_INFORMATION_FORMAT = dwarf;
				ENABLE_STRICT_OBJC_MSGSEND = YES;
				ENABLE_TESTABILITY = YES;
				GCC_C_LANGUAGE_STANDARD = gnu99;
				GCC_DYNAMIC_NO_PIC = NO;
				GCC_NO_COMMON_BLOCKS = YES;
				GCC_OPTIMIZATION_LEVEL = 0;
				GCC_PREPROCESSOR_DEFINITIONS = (
					"DEBUG=1",
					"$(inherited)",
				);
				GCC_WARN_64_TO_32_BIT_CONVERSION = YES;
				GCC_WARN_ABOUT_RETURN_TYPE = YES_ERROR;
				GCC_WARN_UNDECLARED_SELECTOR = YES;
				GCC_WARN_UNINITIALIZED_AUTOS = YES_AGGRESSIVE;
				GCC_WARN_UNUSED_FUNCTION = YES;
				GCC_WARN_UNUSED_VARIABLE = YES;
				IPHONEOS_DEPLOYMENT_TARGET = 10.3;
				MTL_ENABLE_DEBUG_INFO = YES;
				ONLY_ACTIVE_ARCH = YES;
				SDKROOT = iphoneos;
				SWIFT_ACTIVE_COMPILATION_CONDITIONS = DEBUG;
				SWIFT_OPTIMIZATION_LEVEL = "-Onone";
				TARGETED_DEVICE_FAMILY = "1,2";
			};
			name = Debug;
		};
		0069512D1F57C07C002DCB1F /* Release */ = {
			isa = XCBuildConfiguration;
			buildSettings = {
				ALWAYS_SEARCH_USER_PATHS = NO;
				CLANG_ANALYZER_NONNULL = YES;
				CLANG_ANALYZER_NUMBER_OBJECT_CONVERSION = YES_AGGRESSIVE;
				CLANG_CXX_LANGUAGE_STANDARD = "gnu++0x";
				CLANG_CXX_LIBRARY = "libc++";
				CLANG_ENABLE_MODULES = YES;
				CLANG_ENABLE_OBJC_ARC = YES;
				CLANG_WARN_BOOL_CONVERSION = YES;
				CLANG_WARN_CONSTANT_CONVERSION = YES;
				CLANG_WARN_DIRECT_OBJC_ISA_USAGE = YES_ERROR;
				CLANG_WARN_DOCUMENTATION_COMMENTS = YES;
				CLANG_WARN_EMPTY_BODY = YES;
				CLANG_WARN_ENUM_CONVERSION = YES;
				CLANG_WARN_INFINITE_RECURSION = YES;
				CLANG_WARN_INT_CONVERSION = YES;
				CLANG_WARN_OBJC_ROOT_CLASS = YES_ERROR;
				CLANG_WARN_SUSPICIOUS_MOVE = YES;
				CLANG_WARN_UNREACHABLE_CODE = YES;
				CLANG_WARN__DUPLICATE_METHOD_MATCH = YES;
				"CODE_SIGN_IDENTITY[sdk=iphoneos*]" = "iPhone Developer";
				COPY_PHASE_STRIP = NO;
				DEBUG_INFORMATION_FORMAT = "dwarf-with-dsym";
				ENABLE_NS_ASSERTIONS = NO;
				ENABLE_STRICT_OBJC_MSGSEND = YES;
				GCC_C_LANGUAGE_STANDARD = gnu99;
				GCC_NO_COMMON_BLOCKS = YES;
				GCC_WARN_64_TO_32_BIT_CONVERSION = YES;
				GCC_WARN_ABOUT_RETURN_TYPE = YES_ERROR;
				GCC_WARN_UNDECLARED_SELECTOR = YES;
				GCC_WARN_UNINITIALIZED_AUTOS = YES_AGGRESSIVE;
				GCC_WARN_UNUSED_FUNCTION = YES;
				GCC_WARN_UNUSED_VARIABLE = YES;
				IPHONEOS_DEPLOYMENT_TARGET = 10.3;
				MTL_ENABLE_DEBUG_INFO = NO;
				SDKROOT = iphoneos;
				SWIFT_OPTIMIZATION_LEVEL = "-Owholemodule";
				TARGETED_DEVICE_FAMILY = "1,2";
				VALIDATE_PRODUCT = YES;
			};
			name = Release;
		};
		0069512F1F57C07C002DCB1F /* Debug */ = {
			isa = XCBuildConfiguration;
			buildSettings = {
				ASSETCATALOG_COMPILER_APPICON_NAME = AppIcon;
				DEVELOPMENT_TEAM = RV5KV34733;
				INFOPLIST_FILE = GitProject/Info.plist;
				LD_RUNPATH_SEARCH_PATHS = "$(inherited) @executable_path/Frameworks";
				PRODUCT_BUNDLE_IDENTIFIER = Well.GitProject;
				PRODUCT_NAME = "$(TARGET_NAME)";
				SWIFT_VERSION = 3.0;
			};
			name = Debug;
		};
		006951301F57C07C002DCB1F /* Release */ = {
			isa = XCBuildConfiguration;
			buildSettings = {
				ASSETCATALOG_COMPILER_APPICON_NAME = AppIcon;
				DEVELOPMENT_TEAM = RV5KV34733;
				INFOPLIST_FILE = GitProject/Info.plist;
				LD_RUNPATH_SEARCH_PATHS = "$(inherited) @executable_path/Frameworks";
				PRODUCT_BUNDLE_IDENTIFIER = Well.GitProject;
				PRODUCT_NAME = "$(TARGET_NAME)";
				SWIFT_VERSION = 3.0;
			};
			name = Release;
		};
		006951321F57C07C002DCB1F /* Debug */ = {
			isa = XCBuildConfiguration;
			buildSettings = {
				ALWAYS_EMBED_SWIFT_STANDARD_LIBRARIES = YES;
				BUNDLE_LOADER = "$(TEST_HOST)";
				DEVELOPMENT_TEAM = RV5KV34733;
				INFOPLIST_FILE = GitProjectTests/Info.plist;
				LD_RUNPATH_SEARCH_PATHS = "$(inherited) @executable_path/Frameworks @loader_path/Frameworks";
				PRODUCT_BUNDLE_IDENTIFIER = Well.GitProjectTests;
				PRODUCT_NAME = "$(TARGET_NAME)";
				SWIFT_VERSION = 3.0;
				TEST_HOST = "$(BUILT_PRODUCTS_DIR)/GitProject.app/GitProject";
			};
			name = Debug;
		};
		006951331F57C07C002DCB1F /* Release */ = {
			isa = XCBuildConfiguration;
			buildSettings = {
				ALWAYS_EMBED_SWIFT_STANDARD_LIBRARIES = YES;
				BUNDLE_LOADER = "$(TEST_HOST)";
				DEVELOPMENT_TEAM = RV5KV34733;
				INFOPLIST_FILE = GitProjectTests/Info.plist;
				LD_RUNPATH_SEARCH_PATHS = "$(inherited) @executable_path/Frameworks @loader_path/Frameworks";
				PRODUCT_BUNDLE_IDENTIFIER = Well.GitProjectTests;
				PRODUCT_NAME = "$(TARGET_NAME)";
				SWIFT_VERSION = 3.0;
				TEST_HOST = "$(BUILT_PRODUCTS_DIR)/GitProject.app/GitProject";
			};
			name = Release;
		};
		006951351F57C07C002DCB1F /* Debug */ = {
			isa = XCBuildConfiguration;
			buildSettings = {
				ALWAYS_EMBED_SWIFT_STANDARD_LIBRARIES = YES;
				DEVELOPMENT_TEAM = RV5KV34733;
				INFOPLIST_FILE = GitProjectUITests/Info.plist;
				LD_RUNPATH_SEARCH_PATHS = "$(inherited) @executable_path/Frameworks @loader_path/Frameworks";
				PRODUCT_BUNDLE_IDENTIFIER = Well.GitProjectUITests;
				PRODUCT_NAME = "$(TARGET_NAME)";
				SWIFT_VERSION = 3.0;
				TEST_TARGET_NAME = GitProject;
			};
			name = Debug;
		};
		006951361F57C07C002DCB1F /* Release */ = {
			isa = XCBuildConfiguration;
			buildSettings = {
				ALWAYS_EMBED_SWIFT_STANDARD_LIBRARIES = YES;
				DEVELOPMENT_TEAM = RV5KV34733;
				INFOPLIST_FILE = GitProjectUITests/Info.plist;
				LD_RUNPATH_SEARCH_PATHS = "$(inherited) @executable_path/Frameworks @loader_path/Frameworks";
				PRODUCT_BUNDLE_IDENTIFIER = Well.GitProjectUITests;
				PRODUCT_NAME = "$(TARGET_NAME)";
				SWIFT_VERSION = 3.0;
				TEST_TARGET_NAME = GitProject;
			};
			name = Release;
		};
/* End XCBuildConfiguration section */

/* Begin XCConfigurationList section */
		006951011F57C07B002DCB1F /* Build configuration list for PBXProject "GitProject" */ = {
			isa = XCConfigurationList;
			buildConfigurations = (
				0069512C1F57C07C002DCB1F /* Debug */,
				0069512D1F57C07C002DCB1F /* Release */,
			);
			defaultConfigurationIsVisible = 0;
			defaultConfigurationName = Release;
		};
		0069512E1F57C07C002DCB1F /* Build configuration list for PBXNativeTarget "GitProject" */ = {
			isa = XCConfigurationList;
			buildConfigurations = (
				0069512F1F57C07C002DCB1F /* Debug */,
				006951301F57C07C002DCB1F /* Release */,
			);
			defaultConfigurationIsVisible = 0;
		};
		006951311F57C07C002DCB1F /* Build configuration list for PBXNativeTarget "GitProjectTests" */ = {
			isa = XCConfigurationList;
			buildConfigurations = (
				006951321F57C07C002DCB1F /* Debug */,
				006951331F57C07C002DCB1F /* Release */,
			);
			defaultConfigurationIsVisible = 0;
		};
		006951341F57C07C002DCB1F /* Build configuration list for PBXNativeTarget "GitProjectUITests" */ = {
			isa = XCConfigurationList;
			buildConfigurations = (
				006951351F57C07C002DCB1F /* Debug */,
				006951361F57C07C002DCB1F /* Release */,
			);
			defaultConfigurationIsVisible = 0;
		};
/* End XCConfigurationList section */
	};
	rootObject = 006950FE1F57C07B002DCB1F /* Project object */;
}
